{
  "name": "syncwatch",
  "version": "1.0.0",
  "lockfileVersion": 3,
  "requires": true,
  "packages": {
    "": {
      "name": "syncwatch",
      "version": "1.0.0",
      "workspaces": [
        "packages/syncwatch-server"
      ]
    },
    "node_modules/syncwatch-server": {
      "resolved": "packages/syncwatch-server",
      "link": true
    },
    "packages/server": {
      "extraneous": true
    },
    "packages/syncwatch-server": {
      "version": "1.0.0",
      "license": "ISC",
      "devDependencies": {}
    }
  }
}
